{
  "name": "rconclient2",
  "version": "1.0.0",
  "lockfileVersion": 2,
  "requires": true,
  "packages": {
    "": {
      "name": "rconclient2",
      "version": "1.0.0",
      "license": "ISC",
      "dependencies": {
        "@types/node": "^12.6.3",
        "modern-rcon": "^1.0.3"
      },
      "devDependencies": {
        "typescript": "^4.2.3"
      }
    },
    "node_modules/@types/node": {
      "version": "12.12.29",
      "resolved": "https://registry.npmjs.org/@types/node/-/node-12.12.29.tgz",
      "integrity": "sha512-yo8Qz0ygADGFptISDj3pOC9wXfln/5pQaN/ysDIzOaAWXt73cNHmtEC8zSO2Y+kse/txmwIAJzkYZ5fooaS5DQ=="
    },
    "node_modules/modern-rcon": {
      "version": "1.0.3",
      "resolved": "https://registry.npmjs.org/modern-rcon/-/modern-rcon-1.0.3.tgz",
      "integrity": "sha1-vwG6WdO1F8Igb6PLnvTg+AV1i1I="
    },
    "node_modules/typescript": {
      "version": "4.2.3",
      "resolved": "https://registry.npmjs.org/typescript/-/typescript-4.2.3.tgz",
      "integrity": "sha512-qOcYwxaByStAWrBf4x0fibwZvMRG+r4cQoTjbPtUlrWjBHbmCAww1i448U0GJ+3cNNEtebDteo/cHOR3xJ4wEw==",
      "dev": true,
      "bin": {
        "tsc": "bin/tsc",
        "tsserver": "bin/tsserver"
      },
      "engines": {
        "node": ">=4.2.0"
      }
    }
  },
  "dependencies": {
    "@types/node": {
      "version": "12.12.29",
      "resolved": "https://registry.npmjs.org/@types/node/-/node-12.12.29.tgz",
      "integrity": "sha512-yo8Qz0ygADGFptISDj3pOC9wXfln/5pQaN/ysDIzOaAWXt73cNHmtEC8zSO2Y+kse/txmwIAJzkYZ5fooaS5DQ=="
    },
    "modern-rcon": {
      "version": "1.0.3",
      "resolved": "https://registry.npmjs.org/modern-rcon/-/modern-rcon-1.0.3.tgz",
      "integrity": "sha1-vwG6WdO1F8Igb6PLnvTg+AV1i1I="
    },
    "typescript": {
      "version": "4.2.3",
      "resolved": "https://registry.npmjs.org/typescript/-/typescript-4.2.3.tgz",
      "integrity": "sha512-qOcYwxaByStAWrBf4x0fibwZvMRG+r4cQoTjbPtUlrWjBHbmCAww1i448U0GJ+3cNNEtebDteo/cHOR3xJ4wEw==",
      "dev": true
    }
  }
}
